
Microsoft Visual Studio Solution File, Format Version 12.00
# Visual Studio Version 17
VisualStudioVersion = 17.0.32126.317
MinimumVisualStudioVersion = 10.0.40219.1
Project("{9A19103F-16F7-4668-BE54-9A1E7A4F7556}") = "Solver.API", "Solver.API\Solver.API.csproj", "{A942A1A7-5D80-4DFC-A893-5B14FB1E5292}"
EndProject
Project("{9A19103F-16F7-4668-BE54-9A1E7A4F7556}") = "Solver.Service", "Solver.Service\Solver.Service.csproj", "{C1E500B5-932F-4E44-8513-0D90E063AF8A}"
EndProject
Project("{9A19103F-16F7-4668-BE54-9A1E7A4F7556}") = "Solver.Repository", "Solver.Repository\Solver.Repository.csproj", "{51B75B1F-7E83-4478-A001-49A198773C2A}"
EndProject
Project("{E24C65DC-7377-472B-9ABA-BC803B73C61A}") = "Solver.FrontEnd", "Solver.FrontEnd\", "{E0D46AC8-8990-4389-A730-A7D4C8BE7320}"
	ProjectSection(WebsiteProperties) = preProject
		TargetFrameworkMoniker = ".NETFramework,Version%3Dv4.5"
		Debug.AspNetCompiler.VirtualPath = "/localhost_49898"
		Debug.AspNetCompiler.PhysicalPath = "Solver.FrontEnd\"
		Debug.AspNetCompiler.TargetPath = "PrecompiledWeb\localhost_49898\"
		Debug.AspNetCompiler.Updateable = "true"
		Debug.AspNetCompiler.ForceOverwrite = "true"
		Debug.AspNetCompiler.FixedNames = "false"
		Debug.AspNetCompiler.Debug = "True"
		Release.AspNetCompiler.VirtualPath = "/localhost_49898"
		Release.AspNetCompiler.PhysicalPath = "Solver.FrontEnd\"
		Release.AspNetCompiler.TargetPath = "PrecompiledWeb\localhost_49898\"
		Release.AspNetCompiler.Updateable = "true"
		Release.AspNetCompiler.ForceOverwrite = "true"
		Release.AspNetCompiler.FixedNames = "false"
		Release.AspNetCompiler.Debug = "False"
		VWDPort = "49898"
		SlnRelativePath = "Solver.FrontEnd\"
	EndProjectSection
EndProject
Project("{2150E333-8FDC-42A3-9474-1A3956D46DE8}") = "Solution Items", "Solution Items", "{2D018DDA-A948-411A-8931-5CF5A0B27657}"
	ProjectSection(SolutionItems) = preProject
		README.md = README.md
	EndProjectSection
EndProject
Global
	GlobalSection(SolutionConfigurationPlatforms) = preSolution
		Debug|Any CPU = Debug|Any CPU
		Release|Any CPU = Release|Any CPU
	EndGlobalSection
	GlobalSection(ProjectConfigurationPlatforms) = postSolution
		{A942A1A7-5D80-4DFC-A893-5B14FB1E5292}.Debug|Any CPU.ActiveCfg = Debug|Any CPU
		{A942A1A7-5D80-4DFC-A893-5B14FB1E5292}.Debug|Any CPU.Build.0 = Debug|Any CPU
		{A942A1A7-5D80-4DFC-A893-5B14FB1E5292}.Release|Any CPU.ActiveCfg = Release|Any CPU
		{A942A1A7-5D80-4DFC-A893-5B14FB1E5292}.Release|Any CPU.Build.0 = Release|Any CPU
		{C1E500B5-932F-4E44-8513-0D90E063AF8A}.Debug|Any CPU.ActiveCfg = Debug|Any CPU
		{C1E500B5-932F-4E44-8513-0D90E063AF8A}.Debug|Any CPU.Build.0 = Debug|Any CPU
		{C1E500B5-932F-4E44-8513-0D90E063AF8A}.Release|Any CPU.ActiveCfg = Release|Any CPU
		{C1E500B5-932F-4E44-8513-0D90E063AF8A}.Release|Any CPU.Build.0 = Release|Any CPU
		{51B75B1F-7E83-4478-A001-49A198773C2A}.Debug|Any CPU.ActiveCfg = Debug|Any CPU
		{51B75B1F-7E83-4478-A001-49A198773C2A}.Debug|Any CPU.Build.0 = Debug|Any CPU
		{51B75B1F-7E83-4478-A001-49A198773C2A}.Release|Any CPU.ActiveCfg = Release|Any CPU
		{51B75B1F-7E83-4478-A001-49A198773C2A}.Release|Any CPU.Build.0 = Release|Any CPU
		{E0D46AC8-8990-4389-A730-A7D4C8BE7320}.Debug|Any CPU.ActiveCfg = Debug|Any CPU
		{E0D46AC8-8990-4389-A730-A7D4C8BE7320}.Debug|Any CPU.Build.0 = Debug|Any CPU
		{E0D46AC8-8990-4389-A730-A7D4C8BE7320}.Release|Any CPU.ActiveCfg = Debug|Any CPU
		{E0D46AC8-8990-4389-A730-A7D4C8BE7320}.Release|Any CPU.Build.0 = Debug|Any CPU
	EndGlobalSection
	GlobalSection(SolutionProperties) = preSolution
		HideSolutionNode = FALSE
	EndGlobalSection
	GlobalSection(ExtensibilityGlobals) = postSolution
		SolutionGuid = {95E5D73A-BD42-4F23-9722-85C21D31ECCF}
	EndGlobalSection
EndGlobal
