
Microsoft Visual Studio Solution File, Format Version 12.00
# Visual Studio Version 17
VisualStudioVersion = 17.0.32126.317
MinimumVisualStudioVersion = 10.0.40219.1
Project("{FAE04EC0-301F-11D3-BF4B-00C04F79EFBC}") = "Solver.API", "Solver.API\Solver.API.csproj", "{A942A1A7-5D80-4DFC-A893-5B14FB1E5292}"
EndProject
Project("{FAE04EC0-301F-11D3-BF4B-00C04F79EFBC}") = "Solver.Service", "Solver.Service\Solver.Service.csproj", "{C1E500B5-932F-4E44-8513-0D90E063AF8A}"
EndProject
Project("{FAE04EC0-301F-11D3-BF4B-00C04F79EFBC}") = "Solver.Repository", "Solver.Repository\Solver.Repository.csproj", "{51B75B1F-7E83-4478-A001-49A198773C2A}"
EndProject
Global
	GlobalSection(SolutionConfigurationPlatforms) = preSolution
		Debug|Any CPU = Debug|Any CPU
		Release|Any CPU = Release|Any CPU
	EndGlobalSection
	GlobalSection(ProjectConfigurationPlatforms) = postSolution
		{A942A1A7-5D80-4DFC-A893-5B14FB1E5292}.Debug|Any CPU.ActiveCfg = Debug|Any CPU
		{A942A1A7-5D80-4DFC-A893-5B14FB1E5292}.Debug|Any CPU.Build.0 = Debug|Any CPU
		{A942A1A7-5D80-4DFC-A893-5B14FB1E5292}.Release|Any CPU.ActiveCfg = Release|Any CPU
		{A942A1A7-5D80-4DFC-A893-5B14FB1E5292}.Release|Any CPU.Build.0 = Release|Any CPU
		{C1E500B5-932F-4E44-8513-0D90E063AF8A}.Debug|Any CPU.ActiveCfg = Debug|Any CPU
		{C1E500B5-932F-4E44-8513-0D90E063AF8A}.Debug|Any CPU.Build.0 = Debug|Any CPU
		{C1E500B5-932F-4E44-8513-0D90E063AF8A}.Release|Any CPU.ActiveCfg = Release|Any CPU
		{C1E500B5-932F-4E44-8513-0D90E063AF8A}.Release|Any CPU.Build.0 = Release|Any CPU
		{51B75B1F-7E83-4478-A001-49A198773C2A}.Debug|Any CPU.ActiveCfg = Debug|Any CPU
		{51B75B1F-7E83-4478-A001-49A198773C2A}.Debug|Any CPU.Build.0 = Debug|Any CPU
		{51B75B1F-7E83-4478-A001-49A198773C2A}.Release|Any CPU.ActiveCfg = Release|Any CPU
		{51B75B1F-7E83-4478-A001-49A198773C2A}.Release|Any CPU.Build.0 = Release|Any CPU
	EndGlobalSection
	GlobalSection(SolutionProperties) = preSolution
		HideSolutionNode = FALSE
	EndGlobalSection
	GlobalSection(ExtensibilityGlobals) = postSolution
		SolutionGuid = {95E5D73A-BD42-4F23-9722-85C21D31ECCF}
	EndGlobalSection
EndGlobal
